// !$*UTF8*$!
{
	archiveVersion = 1;
	classes = {
	};
	objectVersion = 50;
	objects = {

/* Begin PBXBuildFile section */
		BF0FD350224363A800E8F387 /* PutPuzzleParticle.sks in Resources */ = {isa = PBXBuildFile; fileRef = BF0FD34F224363A800E8F387 /* PutPuzzleParticle.sks */; };
		BF0FD352224364A900E8F387 /* Star.png in Resources */ = {isa = PBXBuildFile; fileRef = BF0FD351224364A900E8F387 /* Star.png */; };
		BF0FD35422436DF200E8F387 /* ExUIColor.swift in Sources */ = {isa = PBXBuildFile; fileRef = BF0FD35322436DF200E8F387 /* ExUIColor.swift */; };
		BF0FD356224371CE00E8F387 /* PutParticle.swift in Sources */ = {isa = PBXBuildFile; fileRef = BF0FD355224371CE00E8F387 /* PutParticle.swift */; };
		BF1FF2AD22311CE60047ED23 /* Stage.swift in Sources */ = {isa = PBXBuildFile; fileRef = BF1FF2AC22311CE60047ED23 /* Stage.swift */; };
		BF1FF2AF22311FD40047ED23 /* StageContents.swift in Sources */ = {isa = PBXBuildFile; fileRef = BF1FF2AE22311FD40047ED23 /* StageContents.swift */; };
		BF1FF2B2223120650047ED23 /* AllStageInfomation.swift in Sources */ = {isa = PBXBuildFile; fileRef = BF1FF2B1223120650047ED23 /* AllStageInfomation.swift */; };
		BF1FF2B4223121BF0047ED23 /* Easy.swift in Sources */ = {isa = PBXBuildFile; fileRef = BF1FF2B3223121BF0047ED23 /* Easy.swift */; };
		BF1FF2B6223122C80047ED23 /* EasyCreate.swift in Sources */ = {isa = PBXBuildFile; fileRef = BF1FF2B5223122C80047ED23 /* EasyCreate.swift */; };
		BF2674E42227B6A3003D370F /* AppDelegate.swift in Sources */ = {isa = PBXBuildFile; fileRef = BF2674E32227B6A3003D370F /* AppDelegate.swift */; };
		BF2674E62227B6A3003D370F /* GameScene.sks in Resources */ = {isa = PBXBuildFile; fileRef = BF2674E52227B6A3003D370F /* GameScene.sks */; };
		BF2674E82227B6A3003D370F /* Actions.sks in Resources */ = {isa = PBXBuildFile; fileRef = BF2674E72227B6A3003D370F /* Actions.sks */; };
		BF2674EA2227B6A3003D370F /* GameScene.swift in Sources */ = {isa = PBXBuildFile; fileRef = BF2674E92227B6A3003D370F /* GameScene.swift */; };
		BF2674EC2227B6A3003D370F /* GameViewController.swift in Sources */ = {isa = PBXBuildFile; fileRef = BF2674EB2227B6A3003D370F /* GameViewController.swift */; };
		BF2674EF2227B6A3003D370F /* Main.storyboard in Resources */ = {isa = PBXBuildFile; fileRef = BF2674ED2227B6A3003D370F /* Main.storyboard */; };
		BF2674F12227B6A4003D370F /* Assets.xcassets in Resources */ = {isa = PBXBuildFile; fileRef = BF2674F02227B6A4003D370F /* Assets.xcassets */; };
		BF2674F42227B6A4003D370F /* LaunchScreen.storyboard in Resources */ = {isa = PBXBuildFile; fileRef = BF2674F22227B6A4003D370F /* LaunchScreen.storyboard */; };
		BF332F722248AEAF009B3042 /* StageLevel.swift in Sources */ = {isa = PBXBuildFile; fileRef = BF332F712248AEAF009B3042 /* StageLevel.swift */; };
		BF332F742248B1FE009B3042 /* EasySellectStage.swift in Sources */ = {isa = PBXBuildFile; fileRef = BF332F732248B1FE009B3042 /* EasySellectStage.swift */; };
		BF332F762248C043009B3042 /* EasyButton.swift in Sources */ = {isa = PBXBuildFile; fileRef = BF332F752248C043009B3042 /* EasyButton.swift */; };
		BF46109022352423006F3DF1 /* Puzzle.swift in Sources */ = {isa = PBXBuildFile; fileRef = BF46108F22352423006F3DF1 /* Puzzle.swift */; };
		BF519C69223CCBDE0087A4AC /* GetTilePOSITION.swift in Sources */ = {isa = PBXBuildFile; fileRef = BF519C68223CCBDE0087A4AC /* GetTilePOSITION.swift */; };
		BF519C6B223F58920087A4AC /* ExNotification.swift in Sources */ = {isa = PBXBuildFile; fileRef = BF519C6A223F58920087A4AC /* ExNotification.swift */; };
		BF519C6D223F84510087A4AC /* P321 in Resources */ = {isa = PBXBuildFile; fileRef = BF519C6C223F84510087A4AC /* P321 */; };
		BF519C72223F86B20087A4AC /* P211 in Resources */ = {isa = PBXBuildFile; fileRef = BF519C6E223F86AF0087A4AC /* P211 */; };
		BF519C73223F86B20087A4AC /* P121 in Resources */ = {isa = PBXBuildFile; fileRef = BF519C6F223F86B00087A4AC /* P121 */; };
		BF519C74223F86B20087A4AC /* P322 in Resources */ = {isa = PBXBuildFile; fileRef = BF519C70223F86B10087A4AC /* P322 */; };
		BF519C75223F86B20087A4AC /* P231.png in Resources */ = {isa = PBXBuildFile; fileRef = BF519C71223F86B20087A4AC /* P231.png */; };
		BF519C78223F8C4C0087A4AC /* P232 in Resources */ = {isa = PBXBuildFile; fileRef = BF519C76223F8C4A0087A4AC /* P232 */; };
		BF519C79223F8C4C0087A4AC /* P233 in Resources */ = {isa = PBXBuildFile; fileRef = BF519C77223F8C4C0087A4AC /* P233 */; };
		BF519C7B223FA8D60087A4AC /* ExTextureName.swift in Sources */ = {isa = PBXBuildFile; fileRef = BF519C7A223FA8D60087A4AC /* ExTextureName.swift */; };
		BF519C7D223FAA470087A4AC /* GetPuzzleArry.swift in Sources */ = {isa = PBXBuildFile; fileRef = BF519C7C223FAA470087A4AC /* GetPuzzleArry.swift */; };
		BF640BF52244F8FD00333782 /* 32p1Green.png in Resources */ = {isa = PBXBuildFile; fileRef = BF640BE32244F8FC00333782 /* 32p1Green.png */; };
		BF640BF62244F8FD00333782 /* 32p3Red.png in Resources */ = {isa = PBXBuildFile; fileRef = BF640BE42244F8FC00333782 /* 32p3Red.png */; };
		BF640BF72244F8FD00333782 /* 32p6Green.png in Resources */ = {isa = PBXBuildFile; fileRef = BF640BE52244F8FC00333782 /* 32p6Green.png */; };
		BF640BF82244F8FD00333782 /* 32p2Red.png in Resources */ = {isa = PBXBuildFile; fileRef = BF640BE62244F8FC00333782 /* 32p2Red.png */; };
		BF640BF92244F8FD00333782 /* 32p2Green.png in Resources */ = {isa = PBXBuildFile; fileRef = BF640BE72244F8FC00333782 /* 32p2Green.png */; };
		BF640BFA2244F8FD00333782 /* 32p5Red.png in Resources */ = {isa = PBXBuildFile; fileRef = BF640BE82244F8FC00333782 /* 32p5Red.png */; };
		BF640BFB2244F8FD00333782 /* 32p5Blue.png in Resources */ = {isa = PBXBuildFile; fileRef = BF640BE92244F8FC00333782 /* 32p5Blue.png */; };
		BF640BFC2244F8FD00333782 /* 32p6Red.png in Resources */ = {isa = PBXBuildFile; fileRef = BF640BEA2244F8FC00333782 /* 32p6Red.png */; };
		BF640BFD2244F8FD00333782 /* 32p1Red.png in Resources */ = {isa = PBXBuildFile; fileRef = BF640BEB2244F8FC00333782 /* 32p1Red.png */; };
		BF640BFE2244F8FD00333782 /* 32p3Green.png in Resources */ = {isa = PBXBuildFile; fileRef = BF640BEC2244F8FC00333782 /* 32p3Green.png */; };
		BF640BFF2244F8FD00333782 /* 32p4Blue.png in Resources */ = {isa = PBXBuildFile; fileRef = BF640BED2244F8FC00333782 /* 32p4Blue.png */; };
		BF640C002244F8FD00333782 /* 32p5Green.png in Resources */ = {isa = PBXBuildFile; fileRef = BF640BEE2244F8FC00333782 /* 32p5Green.png */; };
		BF640C012244F8FD00333782 /* 32p6Blue.png in Resources */ = {isa = PBXBuildFile; fileRef = BF640BEF2244F8FC00333782 /* 32p6Blue.png */; };
		BF640C022244F8FD00333782 /* 32p4Red.png in Resources */ = {isa = PBXBuildFile; fileRef = BF640BF02244F8FC00333782 /* 32p4Red.png */; };
		BF640C032244F8FD00333782 /* 32p1Blue.png in Resources */ = {isa = PBXBuildFile; fileRef = BF640BF12244F8FC00333782 /* 32p1Blue.png */; };
		BF640C042244F8FD00333782 /* 32p4Green.png in Resources */ = {isa = PBXBuildFile; fileRef = BF640BF22244F8FC00333782 /* 32p4Green.png */; };
		BF640C052244F8FD00333782 /* 32p3Blue.png in Resources */ = {isa = PBXBuildFile; fileRef = BF640BF32244F8FC00333782 /* 32p3Blue.png */; };
		BF640C062244F8FD00333782 /* 32p2Blue.png in Resources */ = {isa = PBXBuildFile; fileRef = BF640BF42244F8FD00333782 /* 32p2Blue.png */; };
		BF640C092245100C00333782 /* E1.swift in Sources */ = {isa = PBXBuildFile; fileRef = BF640C082245100C00333782 /* E1.swift */; };
		BF640C0B2245103500333782 /* E2.swift in Sources */ = {isa = PBXBuildFile; fileRef = BF640C0A2245103500333782 /* E2.swift */; };
		BF640C0D224513DF00333782 /* HomeViewController.swift in Sources */ = {isa = PBXBuildFile; fileRef = BF640C0C224513DF00333782 /* HomeViewController.swift */; };
		BF7CD91C2240B56300F8302B /* 12p1Red.png in Resources */ = {isa = PBXBuildFile; fileRef = BF7CD9192240B56100F8302B /* 12p1Red.png */; };
		BF7CD91D2240B56300F8302B /* 12p1Green.png in Resources */ = {isa = PBXBuildFile; fileRef = BF7CD91A2240B56200F8302B /* 12p1Green.png */; };
		BF7CD91E2240B56300F8302B /* 12p1Blue.png in Resources */ = {isa = PBXBuildFile; fileRef = BF7CD91B2240B56300F8302B /* 12p1Blue.png */; };
		BF7CD9222240B60400F8302B /* 21p1Red.png in Resources */ = {isa = PBXBuildFile; fileRef = BF7CD91F2240B60200F8302B /* 21p1Red.png */; };
		BF7CD9232240B60400F8302B /* 21p1Green.png in Resources */ = {isa = PBXBuildFile; fileRef = BF7CD9202240B60300F8302B /* 21p1Green.png */; };
		BF7CD9242240B60400F8302B /* 21p1Blue.png in Resources */ = {isa = PBXBuildFile; fileRef = BF7CD9212240B60400F8302B /* 21p1Blue.png */; };
		BF7CD9342240B89800F8302B /* 22p1Red.png in Resources */ = {isa = PBXBuildFile; fileRef = BF7CD9252240B88C00F8302B /* 22p1Red.png */; };
		BF7CD9352240B89800F8302B /* 22p4Blue.png in Resources */ = {isa = PBXBuildFile; fileRef = BF7CD9262240B88C00F8302B /* 22p4Blue.png */; };
		BF7CD9362240B89800F8302B /* 22p5Blue.png in Resources */ = {isa = PBXBuildFile; fileRef = BF7CD9272240B88D00F8302B /* 22p5Blue.png */; };
		BF7CD9372240B89800F8302B /* 22p4Red.png in Resources */ = {isa = PBXBuildFile; fileRef = BF7CD9282240B88E00F8302B /* 22p4Red.png */; };
		BF7CD9382240B89800F8302B /* 22p1Green.png in Resources */ = {isa = PBXBuildFile; fileRef = BF7CD9292240B88F00F8302B /* 22p1Green.png */; };
		BF7CD9392240B89800F8302B /* 22p2Green.png in Resources */ = {isa = PBXBuildFile; fileRef = BF7CD92A2240B89000F8302B /* 22p2Green.png */; };
		BF7CD93A2240B89800F8302B /* 22p4Green.png in Resources */ = {isa = PBXBuildFile; fileRef = BF7CD92B2240B89100F8302B /* 22p4Green.png */; };
		BF7CD93B2240B89800F8302B /* 22p2Red.png in Resources */ = {isa = PBXBuildFile; fileRef = BF7CD92C2240B89200F8302B /* 22p2Red.png */; };
		BF7CD93C2240B89800F8302B /* 22p3Red.png in Resources */ = {isa = PBXBuildFile; fileRef = BF7CD92D2240B89300F8302B /* 22p3Red.png */; };
		BF7CD93D2240B89800F8302B /* 22p3Blue.png in Resources */ = {isa = PBXBuildFile; fileRef = BF7CD92E2240B89300F8302B /* 22p3Blue.png */; };
		BF7CD93E2240B89800F8302B /* 22p5Red.png in Resources */ = {isa = PBXBuildFile; fileRef = BF7CD92F2240B89400F8302B /* 22p5Red.png */; };
		BF7CD93F2240B89800F8302B /* 22p1Blue.png in Resources */ = {isa = PBXBuildFile; fileRef = BF7CD9302240B89500F8302B /* 22p1Blue.png */; };
		BF7CD9402240B89800F8302B /* 22p3Green.png in Resources */ = {isa = PBXBuildFile; fileRef = BF7CD9312240B89600F8302B /* 22p3Green.png */; };
		BF7CD9412240B89800F8302B /* 22p2Blue.png in Resources */ = {isa = PBXBuildFile; fileRef = BF7CD9322240B89700F8302B /* 22p2Blue.png */; };
		BF7CD9422240B89800F8302B /* 22p5Green.png in Resources */ = {isa = PBXBuildFile; fileRef = BF7CD9332240B89800F8302B /* 22p5Green.png */; };
		BF7CD9552240BBD500F8302B /* 23p5Red.png in Resources */ = {isa = PBXBuildFile; fileRef = BF7CD9432240BBC500F8302B /* 23p5Red.png */; };
		BF7CD9562240BBD500F8302B /* 23p6Red.png in Resources */ = {isa = PBXBuildFile; fileRef = BF7CD9442240BBC600F8302B /* 23p6Red.png */; };
		BF7CD9572240BBD500F8302B /* 23p1Blue.png in Resources */ = {isa = PBXBuildFile; fileRef = BF7CD9452240BBC700F8302B /* 23p1Blue.png */; };
		BF7CD9582240BBD500F8302B /* 23p4Green.png in Resources */ = {isa = PBXBuildFile; fileRef = BF7CD9462240BBC800F8302B /* 23p4Green.png */; };
		BF7CD9592240BBD500F8302B /* 23p4Blue.png in Resources */ = {isa = PBXBuildFile; fileRef = BF7CD9472240BBC900F8302B /* 23p4Blue.png */; };
		BF7CD95A2240BBD500F8302B /* 23p2Green.png in Resources */ = {isa = PBXBuildFile; fileRef = BF7CD9482240BBCA00F8302B /* 23p2Green.png */; };
		BF7CD95B2240BBD500F8302B /* 23p2Blue.png in Resources */ = {isa = PBXBuildFile; fileRef = BF7CD9492240BBCB00F8302B /* 23p2Blue.png */; };
		BF7CD95C2240BBD500F8302B /* 23p3Red.png in Resources */ = {isa = PBXBuildFile; fileRef = BF7CD94A2240BBCB00F8302B /* 23p3Red.png */; };
		BF7CD95D2240BBD500F8302B /* 23p2Red.png in Resources */ = {isa = PBXBuildFile; fileRef = BF7CD94B2240BBCC00F8302B /* 23p2Red.png */; };
		BF7CD95E2240BBD500F8302B /* 23p4Red.png in Resources */ = {isa = PBXBuildFile; fileRef = BF7CD94C2240BBCD00F8302B /* 23p4Red.png */; };
		BF7CD95F2240BBD500F8302B /* 23p3Green.png in Resources */ = {isa = PBXBuildFile; fileRef = BF7CD94D2240BBCE00F8302B /* 23p3Green.png */; };
		BF7CD9602240BBD500F8302B /* 23p5Green.png in Resources */ = {isa = PBXBuildFile; fileRef = BF7CD94E2240BBCF00F8302B /* 23p5Green.png */; };
		BF7CD9612240BBD500F8302B /* 23p3Blue.png in Resources */ = {isa = PBXBuildFile; fileRef = BF7CD94F2240BBD000F8302B /* 23p3Blue.png */; };
		BF7CD9622240BBD500F8302B /* 23p1Red.png in Resources */ = {isa = PBXBuildFile; fileRef = BF7CD9502240BBD100F8302B /* 23p1Red.png */; };
		BF7CD9632240BBD500F8302B /* 23p6Green.png in Resources */ = {isa = PBXBuildFile; fileRef = BF7CD9512240BBD200F8302B /* 23p6Green.png */; };
		BF7CD9642240BBD500F8302B /* 23p1Green.png in Resources */ = {isa = PBXBuildFile; fileRef = BF7CD9522240BBD300F8302B /* 23p1Green.png */; };
		BF7CD9652240BBD500F8302B /* 23p5Blue.png in Resources */ = {isa = PBXBuildFile; fileRef = BF7CD9532240BBD400F8302B /* 23p5Blue.png */; };
		BF7CD9662240BBD500F8302B /* 23p6Blue.png in Resources */ = {isa = PBXBuildFile; fileRef = BF7CD9542240BBD500F8302B /* 23p6Blue.png */; };
		BFC6C5D522428287007C8FA1 /* GameSetParticle.sks in Resources */ = {isa = PBXBuildFile; fileRef = BFC6C5D322428287007C8FA1 /* GameSetParticle.sks */; };
		BFC6C5D622428287007C8FA1 /* Assets.xcassets in Resources */ = {isa = PBXBuildFile; fileRef = BFC6C5D422428287007C8FA1 /* Assets.xcassets */; };
		BFC6C5D9224283BD007C8FA1 /* Test.sks in Resources */ = {isa = PBXBuildFile; fileRef = BFC6C5D8224283BD007C8FA1 /* Test.sks */; };
		BFFA2A7B22336D760023BB71 /* SpriteKitEasingSwift.framework in Frameworks */ = {isa = PBXBuildFile; fileRef = BFFA2A7A22336D760023BB71 /* SpriteKitEasingSwift.framework */; };
		BFFA2A7F223372520023BB71 /* GoogleService-Info.plist in Resources */ = {isa = PBXBuildFile; fileRef = BFFA2A7E223372520023BB71 /* GoogleService-Info.plist */; };
		BFFA2A81223380720023BB71 /* EasyGet.swift in Sources */ = {isa = PBXBuildFile; fileRef = BFFA2A80223380720023BB71 /* EasyGet.swift */; };
		BFFA2A86223383B60023BB71 /* Normal.swift in Sources */ = {isa = PBXBuildFile; fileRef = BFFA2A85223383B60023BB71 /* Normal.swift */; };
		BFFA2A88223384120023BB71 /* NormalCreate.swift in Sources */ = {isa = PBXBuildFile; fileRef = BFFA2A87223384120023BB71 /* NormalCreate.swift */; };
		BFFA2A8A223384420023BB71 /* Hard.swift in Sources */ = {isa = PBXBuildFile; fileRef = BFFA2A89223384420023BB71 /* Hard.swift */; };
		BFFA2A8C223384D80023BB71 /* HardCreate.swift in Sources */ = {isa = PBXBuildFile; fileRef = BFFA2A8B223384D80023BB71 /* HardCreate.swift */; };
		BFFA2A8E2234CC5F0023BB71 /* Tile.swift in Sources */ = {isa = PBXBuildFile; fileRef = BFFA2A8D2234CC5F0023BB71 /* Tile.swift */; };
		BFFA2A912234CF010023BB71 /* NullTile.png in Resources */ = {isa = PBXBuildFile; fileRef = BFFA2A902234CF010023BB71 /* NullTile.png */; };
		BFFA2A992234D9D30023BB71 /* BaseTile.png in Resources */ = {isa = PBXBuildFile; fileRef = BFFA2A982234D9D30023BB71 /* BaseTile.png */; };
		C568DD1EF47C3315C5F1E752 /* Pods_PazleBox.framework in Frameworks */ = {isa = PBXBuildFile; fileRef = E806537451A9DDED852EEBA6 /* Pods_PazleBox.framework */; };
/* End PBXBuildFile section */

/* Begin PBXFileReference section */
		23639FCB16B4DCCF8E13A1D3 /* Pods-PazleBox.debug.xcconfig */ = {isa = PBXFileReference; includeInIndex = 1; lastKnownFileType = text.xcconfig; name = "Pods-PazleBox.debug.xcconfig"; path = "Target Support Files/Pods-PazleBox/Pods-PazleBox.debug.xcconfig"; sourceTree = "<group>"; };
		AC63FB0A53E7131595C10607 /* Pods-PazleBox.release.xcconfig */ = {isa = PBXFileReference; includeInIndex = 1; lastKnownFileType = text.xcconfig; name = "Pods-PazleBox.release.xcconfig"; path = "Target Support Files/Pods-PazleBox/Pods-PazleBox.release.xcconfig"; sourceTree = "<group>"; };
		BF0FD34F224363A800E8F387 /* PutPuzzleParticle.sks */ = {isa = PBXFileReference; lastKnownFileType = file.sks; path = PutPuzzleParticle.sks; sourceTree = "<group>"; };
		BF0FD351224364A900E8F387 /* Star.png */ = {isa = PBXFileReference; lastKnownFileType = image.png; path = Star.png; sourceTree = "<group>"; };
		BF0FD35322436DF200E8F387 /* ExUIColor.swift */ = {isa = PBXFileReference; lastKnownFileType = sourcecode.swift; path = ExUIColor.swift; sourceTree = "<group>"; };
		BF0FD355224371CE00E8F387 /* PutParticle.swift */ = {isa = PBXFileReference; lastKnownFileType = sourcecode.swift; path = PutParticle.swift; sourceTree = "<group>"; };
		BF1FF2AC22311CE60047ED23 /* Stage.swift */ = {isa = PBXFileReference; lastKnownFileType = sourcecode.swift; path = Stage.swift; sourceTree = "<group>"; };
		BF1FF2AE22311FD40047ED23 /* StageContents.swift */ = {isa = PBXFileReference; lastKnownFileType = sourcecode.swift; path = StageContents.swift; sourceTree = "<group>"; };
		BF1FF2B1223120650047ED23 /* AllStageInfomation.swift */ = {isa = PBXFileReference; lastKnownFileType = sourcecode.swift; path = AllStageInfomation.swift; sourceTree = "<group>"; };
		BF1FF2B3223121BF0047ED23 /* Easy.swift */ = {isa = PBXFileReference; lastKnownFileType = sourcecode.swift; path = Easy.swift; sourceTree = "<group>"; };
		BF1FF2B5223122C80047ED23 /* EasyCreate.swift */ = {isa = PBXFileReference; lastKnownFileType = sourcecode.swift; path = EasyCreate.swift; sourceTree = "<group>"; };
		BF2674E02227B6A3003D370F /* PazleBox.app */ = {isa = PBXFileReference; explicitFileType = wrapper.application; includeInIndex = 0; path = PazleBox.app; sourceTree = BUILT_PRODUCTS_DIR; };
		BF2674E32227B6A3003D370F /* AppDelegate.swift */ = {isa = PBXFileReference; lastKnownFileType = sourcecode.swift; path = AppDelegate.swift; sourceTree = "<group>"; };
		BF2674E52227B6A3003D370F /* GameScene.sks */ = {isa = PBXFileReference; lastKnownFileType = file.sks; path = GameScene.sks; sourceTree = "<group>"; };
		BF2674E72227B6A3003D370F /* Actions.sks */ = {isa = PBXFileReference; lastKnownFileType = file.sks; path = Actions.sks; sourceTree = "<group>"; };
		BF2674E92227B6A3003D370F /* GameScene.swift */ = {isa = PBXFileReference; lastKnownFileType = sourcecode.swift; path = GameScene.swift; sourceTree = "<group>"; };
		BF2674EB2227B6A3003D370F /* GameViewController.swift */ = {isa = PBXFileReference; lastKnownFileType = sourcecode.swift; path = GameViewController.swift; sourceTree = "<group>"; };
		BF2674EE2227B6A3003D370F /* Base */ = {isa = PBXFileReference; lastKnownFileType = file.storyboard; name = Base; path = Base.lproj/Main.storyboard; sourceTree = "<group>"; };
		BF2674F02227B6A4003D370F /* Assets.xcassets */ = {isa = PBXFileReference; lastKnownFileType = folder.assetcatalog; path = Assets.xcassets; sourceTree = "<group>"; };
		BF2674F32227B6A4003D370F /* Base */ = {isa = PBXFileReference; lastKnownFileType = file.storyboard; name = Base; path = Base.lproj/LaunchScreen.storyboard; sourceTree = "<group>"; };
		BF2674F52227B6A4003D370F /* Info.plist */ = {isa = PBXFileReference; lastKnownFileType = text.plist.xml; path = Info.plist; sourceTree = "<group>"; };
		BF332F712248AEAF009B3042 /* StageLevel.swift */ = {isa = PBXFileReference; lastKnownFileType = sourcecode.swift; path = StageLevel.swift; sourceTree = "<group>"; };
		BF332F732248B1FE009B3042 /* EasySellectStage.swift */ = {isa = PBXFileReference; lastKnownFileType = sourcecode.swift; path = EasySellectStage.swift; sourceTree = "<group>"; };
		BF332F752248C043009B3042 /* EasyButton.swift */ = {isa = PBXFileReference; lastKnownFileType = sourcecode.swift; path = EasyButton.swift; sourceTree = "<group>"; };
		BF46108F22352423006F3DF1 /* Puzzle.swift */ = {isa = PBXFileReference; lastKnownFileType = sourcecode.swift; path = Puzzle.swift; sourceTree = "<group>"; };
		BF519C68223CCBDE0087A4AC /* GetTilePOSITION.swift */ = {isa = PBXFileReference; lastKnownFileType = sourcecode.swift; path = GetTilePOSITION.swift; sourceTree = "<group>"; };
		BF519C6A223F58920087A4AC /* ExNotification.swift */ = {isa = PBXFileReference; lastKnownFileType = sourcecode.swift; path = ExNotification.swift; sourceTree = "<group>"; };
		BF519C6C223F84510087A4AC /* P321 */ = {isa = PBXFileReference; lastKnownFileType = file; path = P321; sourceTree = "<group>"; };
		BF519C6E223F86AF0087A4AC /* P211 */ = {isa = PBXFileReference; lastKnownFileType = file; path = P211; sourceTree = "<group>"; };
		BF519C6F223F86B00087A4AC /* P121 */ = {isa = PBXFileReference; lastKnownFileType = file; path = P121; sourceTree = "<group>"; };
		BF519C70223F86B10087A4AC /* P322 */ = {isa = PBXFileReference; lastKnownFileType = file; path = P322; sourceTree = "<group>"; };
		BF519C71223F86B20087A4AC /* P231.png */ = {isa = PBXFileReference; lastKnownFileType = image.png; path = P231.png; sourceTree = "<group>"; };
		BF519C76223F8C4A0087A4AC /* P232 */ = {isa = PBXFileReference; lastKnownFileType = file; path = P232; sourceTree = "<group>"; };
		BF519C77223F8C4C0087A4AC /* P233 */ = {isa = PBXFileReference; lastKnownFileType = file; path = P233; sourceTree = "<group>"; };
		BF519C7A223FA8D60087A4AC /* ExTextureName.swift */ = {isa = PBXFileReference; lastKnownFileType = sourcecode.swift; path = ExTextureName.swift; sourceTree = "<group>"; };
		BF519C7C223FAA470087A4AC /* GetPuzzleArry.swift */ = {isa = PBXFileReference; lastKnownFileType = sourcecode.swift; path = GetPuzzleArry.swift; sourceTree = "<group>"; };
		BF640BE32244F8FC00333782 /* 32p1Green.png */ = {isa = PBXFileReference; lastKnownFileType = image.png; name = 32p1Green.png; path = ../../../../../../Downloads/Pazzle/P32/32p1Green.png; sourceTree = "<group>"; };
		BF640BE42244F8FC00333782 /* 32p3Red.png */ = {isa = PBXFileReference; lastKnownFileType = image.png; name = 32p3Red.png; path = ../../../../../../Downloads/Pazzle/P32/32p3Red.png; sourceTree = "<group>"; };
		BF640BE52244F8FC00333782 /* 32p6Green.png */ = {isa = PBXFileReference; lastKnownFileType = image.png; name = 32p6Green.png; path = ../../../../../../Downloads/Pazzle/P32/32p6Green.png; sourceTree = "<group>"; };
		BF640BE62244F8FC00333782 /* 32p2Red.png */ = {isa = PBXFileReference; lastKnownFileType = image.png; name = 32p2Red.png; path = ../../../../../../Downloads/Pazzle/P32/32p2Red.png; sourceTree = "<group>"; };
		BF640BE72244F8FC00333782 /* 32p2Green.png */ = {isa = PBXFileReference; lastKnownFileType = image.png; name = 32p2Green.png; path = ../../../../../../Downloads/Pazzle/P32/32p2Green.png; sourceTree = "<group>"; };
		BF640BE82244F8FC00333782 /* 32p5Red.png */ = {isa = PBXFileReference; lastKnownFileType = image.png; name = 32p5Red.png; path = ../../../../../../Downloads/Pazzle/P32/32p5Red.png; sourceTree = "<group>"; };
		BF640BE92244F8FC00333782 /* 32p5Blue.png */ = {isa = PBXFileReference; lastKnownFileType = image.png; name = 32p5Blue.png; path = ../../../../../../Downloads/Pazzle/P32/32p5Blue.png; sourceTree = "<group>"; };
		BF640BEA2244F8FC00333782 /* 32p6Red.png */ = {isa = PBXFileReference; lastKnownFileType = image.png; name = 32p6Red.png; path = ../../../../../../Downloads/Pazzle/P32/32p6Red.png; sourceTree = "<group>"; };
		BF640BEB2244F8FC00333782 /* 32p1Red.png */ = {isa = PBXFileReference; lastKnownFileType = image.png; name = 32p1Red.png; path = ../../../../../../Downloads/Pazzle/P32/32p1Red.png; sourceTree = "<group>"; };
		BF640BEC2244F8FC00333782 /* 32p3Green.png */ = {isa = PBXFileReference; lastKnownFileType = image.png; name = 32p3Green.png; path = ../../../../../../Downloads/Pazzle/P32/32p3Green.png; sourceTree = "<group>"; };
		BF640BED2244F8FC00333782 /* 32p4Blue.png */ = {isa = PBXFileReference; lastKnownFileType = image.png; name = 32p4Blue.png; path = ../../../../../../Downloads/Pazzle/P32/32p4Blue.png; sourceTree = "<group>"; };
		BF640BEE2244F8FC00333782 /* 32p5Green.png */ = {isa = PBXFileReference; lastKnownFileType = image.png; name = 32p5Green.png; path = ../../../../../../Downloads/Pazzle/P32/32p5Green.png; sourceTree = "<group>"; };
		BF640BEF2244F8FC00333782 /* 32p6Blue.png */ = {isa = PBXFileReference; lastKnownFileType = image.png; name = 32p6Blue.png; path = ../../../../../../Downloads/Pazzle/P32/32p6Blue.png; sourceTree = "<group>"; };
		BF640BF02244F8FC00333782 /* 32p4Red.png */ = {isa = PBXFileReference; lastKnownFileType = image.png; name = 32p4Red.png; path = ../../../../../../Downloads/Pazzle/P32/32p4Red.png; sourceTree = "<group>"; };
		BF640BF12244F8FC00333782 /* 32p1Blue.png */ = {isa = PBXFileReference; lastKnownFileType = image.png; name = 32p1Blue.png; path = ../../../../../../Downloads/Pazzle/P32/32p1Blue.png; sourceTree = "<group>"; };
		BF640BF22244F8FC00333782 /* 32p4Green.png */ = {isa = PBXFileReference; lastKnownFileType = image.png; name = 32p4Green.png; path = ../../../../../../Downloads/Pazzle/P32/32p4Green.png; sourceTree = "<group>"; };
		BF640BF32244F8FC00333782 /* 32p3Blue.png */ = {isa = PBXFileReference; lastKnownFileType = image.png; name = 32p3Blue.png; path = ../../../../../../Downloads/Pazzle/P32/32p3Blue.png; sourceTree = "<group>"; };
		BF640BF42244F8FD00333782 /* 32p2Blue.png */ = {isa = PBXFileReference; lastKnownFileType = image.png; name = 32p2Blue.png; path = ../../../../../../Downloads/Pazzle/P32/32p2Blue.png; sourceTree = "<group>"; };
		BF640C082245100C00333782 /* E1.swift */ = {isa = PBXFileReference; lastKnownFileType = sourcecode.swift; path = E1.swift; sourceTree = "<group>"; };
		BF640C0A2245103500333782 /* E2.swift */ = {isa = PBXFileReference; lastKnownFileType = sourcecode.swift; path = E2.swift; sourceTree = "<group>"; };
		BF640C0C224513DF00333782 /* HomeViewController.swift */ = {isa = PBXFileReference; lastKnownFileType = sourcecode.swift; path = HomeViewController.swift; sourceTree = "<group>"; };
		BF7CD9192240B56100F8302B /* 12p1Red.png */ = {isa = PBXFileReference; lastKnownFileType = image.png; path = 12p1Red.png; sourceTree = "<group>"; };
		BF7CD91A2240B56200F8302B /* 12p1Green.png */ = {isa = PBXFileReference; explicitFileType = image.png; path = 12p1Green.png; sourceTree = "<group>"; };
		BF7CD91B2240B56300F8302B /* 12p1Blue.png */ = {isa = PBXFileReference; lastKnownFileType = image.png; path = 12p1Blue.png; sourceTree = "<group>"; };
		BF7CD91F2240B60200F8302B /* 21p1Red.png */ = {isa = PBXFileReference; lastKnownFileType = image.png; path = 21p1Red.png; sourceTree = "<group>"; };
		BF7CD9202240B60300F8302B /* 21p1Green.png */ = {isa = PBXFileReference; lastKnownFileType = image.png; path = 21p1Green.png; sourceTree = "<group>"; };
		BF7CD9212240B60400F8302B /* 21p1Blue.png */ = {isa = PBXFileReference; lastKnownFileType = image.png; path = 21p1Blue.png; sourceTree = "<group>"; };
		BF7CD9252240B88C00F8302B /* 22p1Red.png */ = {isa = PBXFileReference; lastKnownFileType = image.png; path = 22p1Red.png; sourceTree = "<group>"; };
		BF7CD9262240B88C00F8302B /* 22p4Blue.png */ = {isa = PBXFileReference; lastKnownFileType = image.png; path = 22p4Blue.png; sourceTree = "<group>"; };
		BF7CD9272240B88D00F8302B /* 22p5Blue.png */ = {isa = PBXFileReference; lastKnownFileType = image.png; path = 22p5Blue.png; sourceTree = "<group>"; };
		BF7CD9282240B88E00F8302B /* 22p4Red.png */ = {isa = PBXFileReference; lastKnownFileType = image.png; path = 22p4Red.png; sourceTree = "<group>"; };
		BF7CD9292240B88F00F8302B /* 22p1Green.png */ = {isa = PBXFileReference; lastKnownFileType = image.png; path = 22p1Green.png; sourceTree = "<group>"; };
		BF7CD92A2240B89000F8302B /* 22p2Green.png */ = {isa = PBXFileReference; lastKnownFileType = image.png; path = 22p2Green.png; sourceTree = "<group>"; };
		BF7CD92B2240B89100F8302B /* 22p4Green.png */ = {isa = PBXFileReference; lastKnownFileType = image.png; path = 22p4Green.png; sourceTree = "<group>"; };
		BF7CD92C2240B89200F8302B /* 22p2Red.png */ = {isa = PBXFileReference; lastKnownFileType = image.png; path = 22p2Red.png; sourceTree = "<group>"; };
		BF7CD92D2240B89300F8302B /* 22p3Red.png */ = {isa = PBXFileReference; lastKnownFileType = image.png; path = 22p3Red.png; sourceTree = "<group>"; };
		BF7CD92E2240B89300F8302B /* 22p3Blue.png */ = {isa = PBXFileReference; lastKnownFileType = image.png; path = 22p3Blue.png; sourceTree = "<group>"; };
		BF7CD92F2240B89400F8302B /* 22p5Red.png */ = {isa = PBXFileReference; lastKnownFileType = image.png; path = 22p5Red.png; sourceTree = "<group>"; };
		BF7CD9302240B89500F8302B /* 22p1Blue.png */ = {isa = PBXFileReference; lastKnownFileType = image.png; path = 22p1Blue.png; sourceTree = "<group>"; };
		BF7CD9312240B89600F8302B /* 22p3Green.png */ = {isa = PBXFileReference; lastKnownFileType = image.png; path = 22p3Green.png; sourceTree = "<group>"; };
		BF7CD9322240B89700F8302B /* 22p2Blue.png */ = {isa = PBXFileReference; lastKnownFileType = image.png; path = 22p2Blue.png; sourceTree = "<group>"; };
		BF7CD9332240B89800F8302B /* 22p5Green.png */ = {isa = PBXFileReference; lastKnownFileType = image.png; path = 22p5Green.png; sourceTree = "<group>"; };
		BF7CD9432240BBC500F8302B /* 23p5Red.png */ = {isa = PBXFileReference; lastKnownFileType = image.png; path = 23p5Red.png; sourceTree = "<group>"; };
		BF7CD9442240BBC600F8302B /* 23p6Red.png */ = {isa = PBXFileReference; lastKnownFileType = image.png; path = 23p6Red.png; sourceTree = "<group>"; };
		BF7CD9452240BBC700F8302B /* 23p1Blue.png */ = {isa = PBXFileReference; lastKnownFileType = image.png; path = 23p1Blue.png; sourceTree = "<group>"; };
		BF7CD9462240BBC800F8302B /* 23p4Green.png */ = {isa = PBXFileReference; lastKnownFileType = image.png; path = 23p4Green.png; sourceTree = "<group>"; };
		BF7CD9472240BBC900F8302B /* 23p4Blue.png */ = {isa = PBXFileReference; lastKnownFileType = image.png; path = 23p4Blue.png; sourceTree = "<group>"; };
		BF7CD9482240BBCA00F8302B /* 23p2Green.png */ = {isa = PBXFileReference; lastKnownFileType = image.png; path = 23p2Green.png; sourceTree = "<group>"; };
		BF7CD9492240BBCB00F8302B /* 23p2Blue.png */ = {isa = PBXFileReference; lastKnownFileType = image.png; path = 23p2Blue.png; sourceTree = "<group>"; };
		BF7CD94A2240BBCB00F8302B /* 23p3Red.png */ = {isa = PBXFileReference; lastKnownFileType = image.png; path = 23p3Red.png; sourceTree = "<group>"; };
		BF7CD94B2240BBCC00F8302B /* 23p2Red.png */ = {isa = PBXFileReference; lastKnownFileType = image.png; path = 23p2Red.png; sourceTree = "<group>"; };
		BF7CD94C2240BBCD00F8302B /* 23p4Red.png */ = {isa = PBXFileReference; lastKnownFileType = image.png; path = 23p4Red.png; sourceTree = "<group>"; };
		BF7CD94D2240BBCE00F8302B /* 23p3Green.png */ = {isa = PBXFileReference; lastKnownFileType = image.png; path = 23p3Green.png; sourceTree = "<group>"; };
		BF7CD94E2240BBCF00F8302B /* 23p5Green.png */ = {isa = PBXFileReference; lastKnownFileType = image.png; path = 23p5Green.png; sourceTree = "<group>"; };
		BF7CD94F2240BBD000F8302B /* 23p3Blue.png */ = {isa = PBXFileReference; lastKnownFileType = image.png; path = 23p3Blue.png; sourceTree = "<group>"; };
		BF7CD9502240BBD100F8302B /* 23p1Red.png */ = {isa = PBXFileReference; lastKnownFileType = image.png; path = 23p1Red.png; sourceTree = "<group>"; };
		BF7CD9512240BBD200F8302B /* 23p6Green.png */ = {isa = PBXFileReference; lastKnownFileType = image.png; path = 23p6Green.png; sourceTree = "<group>"; };
		BF7CD9522240BBD300F8302B /* 23p1Green.png */ = {isa = PBXFileReference; lastKnownFileType = image.png; path = 23p1Green.png; sourceTree = "<group>"; };
		BF7CD9532240BBD400F8302B /* 23p5Blue.png */ = {isa = PBXFileReference; lastKnownFileType = image.png; path = 23p5Blue.png; sourceTree = "<group>"; };
		BF7CD9542240BBD500F8302B /* 23p6Blue.png */ = {isa = PBXFileReference; lastKnownFileType = image.png; path = 23p6Blue.png; sourceTree = "<group>"; };
		BFC6C5D322428287007C8FA1 /* GameSetParticle.sks */ = {isa = PBXFileReference; lastKnownFileType = file.sks; path = GameSetParticle.sks; sourceTree = "<group>"; };
		BFC6C5D422428287007C8FA1 /* Assets.xcassets */ = {isa = PBXFileReference; lastKnownFileType = folder.assetcatalog; path = Assets.xcassets; sourceTree = "<group>"; };
		BFC6C5D8224283BD007C8FA1 /* Test.sks */ = {isa = PBXFileReference; lastKnownFileType = file.sks; path = Test.sks; sourceTree = "<group>"; };
		BFFA2A7A22336D760023BB71 /* SpriteKitEasingSwift.framework */ = {isa = PBXFileReference; explicitFileType = wrapper.framework; path = SpriteKitEasingSwift.framework; sourceTree = BUILT_PRODUCTS_DIR; };
		BFFA2A7C22336D760023BB71 /* TapticEngine.framework */ = {isa = PBXFileReference; explicitFileType = wrapper.framework; path = TapticEngine.framework; sourceTree = BUILT_PRODUCTS_DIR; };
		BFFA2A7E223372520023BB71 /* GoogleService-Info.plist */ = {isa = PBXFileReference; fileEncoding = 4; lastKnownFileType = text.plist.xml; path = "GoogleService-Info.plist"; sourceTree = SOURCE_ROOT; };
		BFFA2A80223380720023BB71 /* EasyGet.swift */ = {isa = PBXFileReference; lastKnownFileType = sourcecode.swift; path = EasyGet.swift; sourceTree = "<group>"; };
		BFFA2A85223383B60023BB71 /* Normal.swift */ = {isa = PBXFileReference; lastKnownFileType = sourcecode.swift; path = Normal.swift; sourceTree = "<group>"; };
		BFFA2A87223384120023BB71 /* NormalCreate.swift */ = {isa = PBXFileReference; lastKnownFileType = sourcecode.swift; path = NormalCreate.swift; sourceTree = "<group>"; };
		BFFA2A89223384420023BB71 /* Hard.swift */ = {isa = PBXFileReference; lastKnownFileType = sourcecode.swift; path = Hard.swift; sourceTree = "<group>"; };
		BFFA2A8B223384D80023BB71 /* HardCreate.swift */ = {isa = PBXFileReference; lastKnownFileType = sourcecode.swift; path = HardCreate.swift; sourceTree = "<group>"; };
		BFFA2A8D2234CC5F0023BB71 /* Tile.swift */ = {isa = PBXFileReference; lastKnownFileType = sourcecode.swift; path = Tile.swift; sourceTree = "<group>"; };
		BFFA2A902234CF010023BB71 /* NullTile.png */ = {isa = PBXFileReference; lastKnownFileType = image.png; path = NullTile.png; sourceTree = "<group>"; };
		BFFA2A982234D9D30023BB71 /* BaseTile.png */ = {isa = PBXFileReference; lastKnownFileType = image.png; path = BaseTile.png; sourceTree = "<group>"; };
		E806537451A9DDED852EEBA6 /* Pods_PazleBox.framework */ = {isa = PBXFileReference; explicitFileType = wrapper.framework; includeInIndex = 0; path = Pods_PazleBox.framework; sourceTree = BUILT_PRODUCTS_DIR; };
/* End PBXFileReference section */

/* Begin PBXFrameworksBuildPhase section */
		BF2674DD2227B6A3003D370F /* Frameworks */ = {
			isa = PBXFrameworksBuildPhase;
			buildActionMask = 2147483647;
			files = (
				BFFA2A7B22336D760023BB71 /* SpriteKitEasingSwift.framework in Frameworks */,
				C568DD1EF47C3315C5F1E752 /* Pods_PazleBox.framework in Frameworks */,
			);
			runOnlyForDeploymentPostprocessing = 0;
		};
/* End PBXFrameworksBuildPhase section */

/* Begin PBXGroup section */
		24F90365DBF1E45B93001052 /* Pods */ = {
			isa = PBXGroup;
			children = (
				23639FCB16B4DCCF8E13A1D3 /* Pods-PazleBox.debug.xcconfig */,
				AC63FB0A53E7131595C10607 /* Pods-PazleBox.release.xcconfig */,
			);
			path = Pods;
			sourceTree = "<group>";
		};
		BF1FF2AA22311C8D0047ED23 /* GemFile */ = {
			isa = PBXGroup;
			children = (
				BF2674E52227B6A3003D370F /* GameScene.sks */,
				BF2674E72227B6A3003D370F /* Actions.sks */,
			);
			path = GemFile;
			sourceTree = "<group>";
		};
		BF1FF2AB22311CC10047ED23 /* GameFile */ = {
			isa = PBXGroup;
			children = (
				BF1FF2B02231204F0047ED23 /* StageInfomation */,
				BFFA2A8F2234CEED0023BB71 /* TilePick */,
				BFC6C5D722428296007C8FA1 /* Particle */,
				BF640C0722450FFA00333782 /* StageOfPuzzle */,
				BF332F7A22491753009B3042 /* SeceneAndViewCon */,
				BF332F7B22491767009B3042 /* Puzzle */,
				BF332F7C224917D2009B3042 /* Sellect */,
				BF332F7E22491850009B3042 /* HomeView */,
				BF332F7D224917F3009B3042 /* Extention */,
			);
			path = GameFile;
			sourceTree = "<group>";
		};
		BF1FF2B02231204F0047ED23 /* StageInfomation */ = {
			isa = PBXGroup;
			children = (
				BF1FF2B1223120650047ED23 /* AllStageInfomation.swift */,
				BF1FF2AC22311CE60047ED23 /* Stage.swift */,
				BFFA2A82223380760023BB71 /* EasyStage */,
				BFFA2A83223383680023BB71 /* NormalStage */,
				BFFA2A84223383750023BB71 /* HardStage */,
			);
			path = StageInfomation;
			sourceTree = "<group>";
		};
		BF2674D72227B6A3003D370F = {
			isa = PBXGroup;
			children = (
				BF2674E22227B6A3003D370F /* PazleBox */,
				BF2674E12227B6A3003D370F /* Products */,
				24F90365DBF1E45B93001052 /* Pods */,
				F18F91965E347613F23DE2B0 /* Frameworks */,
			);
			sourceTree = "<group>";
		};
		BF2674E12227B6A3003D370F /* Products */ = {
			isa = PBXGroup;
			children = (
				BF2674E02227B6A3003D370F /* PazleBox.app */,
			);
			name = Products;
			sourceTree = "<group>";
		};
		BF2674E22227B6A3003D370F /* PazleBox */ = {
			isa = PBXGroup;
			children = (
				BF1FF2AA22311C8D0047ED23 /* GemFile */,
				BF1FF2AB22311CC10047ED23 /* GameFile */,
				BF2674E32227B6A3003D370F /* AppDelegate.swift */,
				BF2674ED2227B6A3003D370F /* Main.storyboard */,
				BF2674F02227B6A4003D370F /* Assets.xcassets */,
				BF2674F22227B6A4003D370F /* LaunchScreen.storyboard */,
				BFFA2A7E223372520023BB71 /* GoogleService-Info.plist */,
				BF2674F52227B6A4003D370F /* Info.plist */,
			);
			path = PazleBox;
			sourceTree = "<group>";
		};
		BF332F7722490D3A009B3042 /* Easy */ = {
			isa = PBXGroup;
			children = (
				BF640C082245100C00333782 /* E1.swift */,
				BF640C0A2245103500333782 /* E2.swift */,
			);
			path = Easy;
			sourceTree = "<group>";
		};
		BF332F7822490D46009B3042 /* Normal */ = {
			isa = PBXGroup;
			children = (
			);
			path = Normal;
			sourceTree = "<group>";
		};
		BF332F7922490D4F009B3042 /* Hard */ = {
			isa = PBXGroup;
			children = (
			);
			path = Hard;
			sourceTree = "<group>";
		};
		BF332F7A22491753009B3042 /* SeceneAndViewCon */ = {
			isa = PBXGroup;
			children = (
				BF2674E92227B6A3003D370F /* GameScene.swift */,
				BF2674EB2227B6A3003D370F /* GameViewController.swift */,
			);
			path = SeceneAndViewCon;
			sourceTree = "<group>";
		};
		BF332F7B22491767009B3042 /* Puzzle */ = {
			isa = PBXGroup;
			children = (
				BF46108F22352423006F3DF1 /* Puzzle.swift */,
				BF0FD355224371CE00E8F387 /* PutParticle.swift */,
				BF519C68223CCBDE0087A4AC /* GetTilePOSITION.swift */,
				BF519C7C223FAA470087A4AC /* GetPuzzleArry.swift */,
				BFFA2A8D2234CC5F0023BB71 /* Tile.swift */,
			);
			path = Puzzle;
			sourceTree = "<group>";
		};
		BF332F7C224917D2009B3042 /* Sellect */ = {
			isa = PBXGroup;
			children = (
				BF332F732248B1FE009B3042 /* EasySellectStage.swift */,
				BF332F752248C043009B3042 /* EasyButton.swift */,
			);
			path = Sellect;
			sourceTree = "<group>";
		};
		BF332F7D224917F3009B3042 /* Extention */ = {
			isa = PBXGroup;
			children = (
				BF519C6A223F58920087A4AC /* ExNotification.swift */,
				BF519C7A223FA8D60087A4AC /* ExTextureName.swift */,
				BF0FD35322436DF200E8F387 /* ExUIColor.swift */,
				BF332F712248AEAF009B3042 /* StageLevel.swift */,
				BF1FF2AE22311FD40047ED23 /* StageContents.swift */,
			);
			path = Extention;
			sourceTree = "<group>";
		};
		BF332F7E22491850009B3042 /* HomeView */ = {
			isa = PBXGroup;
			children = (
				BF640C0C224513DF00333782 /* HomeViewController.swift */,
			);
			path = HomeView;
			sourceTree = "<group>";
		};
		BF640C0722450FFA00333782 /* StageOfPuzzle */ = {
			isa = PBXGroup;
			children = (
				BF332F7722490D3A009B3042 /* Easy */,
				BF332F7822490D46009B3042 /* Normal */,
				BF332F7922490D4F009B3042 /* Hard */,
			);
			path = StageOfPuzzle;
			sourceTree = "<group>";
		};
		BF7CD9142240B41500F8302B /* P12 */ = {
			isa = PBXGroup;
			children = (
				BF7CD91B2240B56300F8302B /* 12p1Blue.png */,
				BF7CD91A2240B56200F8302B /* 12p1Green.png */,
				BF7CD9192240B56100F8302B /* 12p1Red.png */,
			);
			path = P12;
			sourceTree = "<group>";
		};
		BF7CD9152240B43100F8302B /* P21 */ = {
			isa = PBXGroup;
			children = (
				BF7CD9212240B60400F8302B /* 21p1Blue.png */,
				BF7CD9202240B60300F8302B /* 21p1Green.png */,
				BF7CD91F2240B60200F8302B /* 21p1Red.png */,
			);
			path = P21;
			sourceTree = "<group>";
		};
		BF7CD9162240B43800F8302B /* P22 */ = {
			isa = PBXGroup;
			children = (
				BF7CD9302240B89500F8302B /* 22p1Blue.png */,
				BF7CD9292240B88F00F8302B /* 22p1Green.png */,
				BF7CD9252240B88C00F8302B /* 22p1Red.png */,
				BF7CD9322240B89700F8302B /* 22p2Blue.png */,
				BF7CD92A2240B89000F8302B /* 22p2Green.png */,
				BF7CD92C2240B89200F8302B /* 22p2Red.png */,
				BF7CD92E2240B89300F8302B /* 22p3Blue.png */,
				BF7CD9312240B89600F8302B /* 22p3Green.png */,
				BF7CD92D2240B89300F8302B /* 22p3Red.png */,
				BF7CD9262240B88C00F8302B /* 22p4Blue.png */,
				BF7CD92B2240B89100F8302B /* 22p4Green.png */,
				BF7CD9282240B88E00F8302B /* 22p4Red.png */,
				BF7CD9272240B88D00F8302B /* 22p5Blue.png */,
				BF7CD9332240B89800F8302B /* 22p5Green.png */,
				BF7CD92F2240B89400F8302B /* 22p5Red.png */,
			);
			path = P22;
			sourceTree = "<group>";
		};
		BF7CD9172240B44B00F8302B /* P23 */ = {
			isa = PBXGroup;
			children = (
				BF7CD9452240BBC700F8302B /* 23p1Blue.png */,
				BF7CD9522240BBD300F8302B /* 23p1Green.png */,
				BF7CD9502240BBD100F8302B /* 23p1Red.png */,
				BF7CD9492240BBCB00F8302B /* 23p2Blue.png */,
				BF7CD9482240BBCA00F8302B /* 23p2Green.png */,
				BF7CD94B2240BBCC00F8302B /* 23p2Red.png */,
				BF7CD94F2240BBD000F8302B /* 23p3Blue.png */,
				BF7CD94D2240BBCE00F8302B /* 23p3Green.png */,
				BF7CD94A2240BBCB00F8302B /* 23p3Red.png */,
				BF7CD9472240BBC900F8302B /* 23p4Blue.png */,
				BF7CD9462240BBC800F8302B /* 23p4Green.png */,
				BF7CD94C2240BBCD00F8302B /* 23p4Red.png */,
				BF7CD9532240BBD400F8302B /* 23p5Blue.png */,
				BF7CD94E2240BBCF00F8302B /* 23p5Green.png */,
				BF7CD9432240BBC500F8302B /* 23p5Red.png */,
				BF7CD9542240BBD500F8302B /* 23p6Blue.png */,
				BF7CD9512240BBD200F8302B /* 23p6Green.png */,
				BF7CD9442240BBC600F8302B /* 23p6Red.png */,
			);
			path = P23;
			sourceTree = "<group>";
		};
		BF7CD9182240B46400F8302B /* P32 */ = {
			isa = PBXGroup;
			children = (
				BF640BF12244F8FC00333782 /* 32p1Blue.png */,
				BF640BE32244F8FC00333782 /* 32p1Green.png */,
				BF640BEB2244F8FC00333782 /* 32p1Red.png */,
				BF640BF42244F8FD00333782 /* 32p2Blue.png */,
				BF640BE72244F8FC00333782 /* 32p2Green.png */,
				BF640BE62244F8FC00333782 /* 32p2Red.png */,
				BF640BF32244F8FC00333782 /* 32p3Blue.png */,
				BF640BEC2244F8FC00333782 /* 32p3Green.png */,
				BF640BE42244F8FC00333782 /* 32p3Red.png */,
				BF640BED2244F8FC00333782 /* 32p4Blue.png */,
				BF640BF22244F8FC00333782 /* 32p4Green.png */,
				BF640BF02244F8FC00333782 /* 32p4Red.png */,
				BF640BE92244F8FC00333782 /* 32p5Blue.png */,
				BF640BEE2244F8FC00333782 /* 32p5Green.png */,
				BF640BE82244F8FC00333782 /* 32p5Red.png */,
				BF640BEF2244F8FC00333782 /* 32p6Blue.png */,
				BF640BE52244F8FC00333782 /* 32p6Green.png */,
				BF640BEA2244F8FC00333782 /* 32p6Red.png */,
			);
			path = P32;
			sourceTree = "<group>";
		};
		BFC6C5D722428296007C8FA1 /* Particle */ = {
			isa = PBXGroup;
			children = (
				BFC6C5D322428287007C8FA1 /* GameSetParticle.sks */,
				BFC6C5D8224283BD007C8FA1 /* Test.sks */,
				BF0FD34F224363A800E8F387 /* PutPuzzleParticle.sks */,
				BF0FD351224364A900E8F387 /* Star.png */,
				BFC6C5D422428287007C8FA1 /* Assets.xcassets */,
			);
			path = Particle;
			sourceTree = "<group>";
		};
		BFFA2A82223380760023BB71 /* EasyStage */ = {
			isa = PBXGroup;
			children = (
				BF1FF2B3223121BF0047ED23 /* Easy.swift */,
				BFFA2A80223380720023BB71 /* EasyGet.swift */,
				BF1FF2B5223122C80047ED23 /* EasyCreate.swift */,
			);
			path = EasyStage;
			sourceTree = "<group>";
		};
		BFFA2A83223383680023BB71 /* NormalStage */ = {
			isa = PBXGroup;
			children = (
				BFFA2A85223383B60023BB71 /* Normal.swift */,
				BFFA2A87223384120023BB71 /* NormalCreate.swift */,
			);
			path = NormalStage;
			sourceTree = "<group>";
		};
		BFFA2A84223383750023BB71 /* HardStage */ = {
			isa = PBXGroup;
			children = (
				BFFA2A89223384420023BB71 /* Hard.swift */,
				BFFA2A8B223384D80023BB71 /* HardCreate.swift */,
			);
			path = HardStage;
			sourceTree = "<group>";
		};
		BFFA2A8F2234CEED0023BB71 /* TilePick */ = {
			isa = PBXGroup;
			children = (
				BF7CD9142240B41500F8302B /* P12 */,
				BF7CD9152240B43100F8302B /* P21 */,
				BF7CD9162240B43800F8302B /* P22 */,
				BF7CD9172240B44B00F8302B /* P23 */,
				BF7CD9182240B46400F8302B /* P32 */,
				BF519C70223F86B10087A4AC /* P322 */,
				BFFA2A982234D9D30023BB71 /* BaseTile.png */,
				BF519C6C223F84510087A4AC /* P321 */,
				BF519C6E223F86AF0087A4AC /* P211 */,
				BF519C6F223F86B00087A4AC /* P121 */,
				BF519C71223F86B20087A4AC /* P231.png */,
				BF519C76223F8C4A0087A4AC /* P232 */,
				BF519C77223F8C4C0087A4AC /* P233 */,
				BFFA2A902234CF010023BB71 /* NullTile.png */,
			);
			path = TilePick;
			sourceTree = "<group>";
		};
		F18F91965E347613F23DE2B0 /* Frameworks */ = {
			isa = PBXGroup;
			children = (
				BFFA2A7A22336D760023BB71 /* SpriteKitEasingSwift.framework */,
				BFFA2A7C22336D760023BB71 /* TapticEngine.framework */,
				E806537451A9DDED852EEBA6 /* Pods_PazleBox.framework */,
			);
			name = Frameworks;
			sourceTree = "<group>";
		};
/* End PBXGroup section */

/* Begin PBXNativeTarget section */
		BF2674DF2227B6A3003D370F /* PazleBox */ = {
			isa = PBXNativeTarget;
			buildConfigurationList = BF2674F82227B6A4003D370F /* Build configuration list for PBXNativeTarget "PazleBox" */;
			buildPhases = (
				2D9A00851CC9ABE71AEF1218 /* [CP] Check Pods Manifest.lock */,
				BF2674DC2227B6A3003D370F /* Sources */,
				BF2674DD2227B6A3003D370F /* Frameworks */,
				BF2674DE2227B6A3003D370F /* Resources */,
				BF60EE002227B9C0006BF4B7 /* ShellScript */,
				7485616176AF9BD2A7C327AD /* [CP] Embed Pods Frameworks */,
			);
			buildRules = (
			);
			dependencies = (
			);
			name = PazleBox;
			productName = PazleBox;
			productReference = BF2674E02227B6A3003D370F /* PazleBox.app */;
			productType = "com.apple.product-type.application";
		};
/* End PBXNativeTarget section */

/* Begin PBXProject section */
		BF2674D82227B6A3003D370F /* Project object */ = {
			isa = PBXProject;
			attributes = {
				LastSwiftUpdateCheck = 1010;
				LastUpgradeCheck = 1010;
				ORGANIZATIONNAME = jun;
				TargetAttributes = {
					BF2674DF2227B6A3003D370F = {
						CreatedOnToolsVersion = 10.1;
					};
				};
			};
			buildConfigurationList = BF2674DB2227B6A3003D370F /* Build configuration list for PBXProject "PazleBox" */;
			compatibilityVersion = "Xcode 9.3";
			developmentRegion = en;
			hasScannedForEncodings = 0;
			knownRegions = (
				en,
				Base,
			);
			mainGroup = BF2674D72227B6A3003D370F;
			productRefGroup = BF2674E12227B6A3003D370F /* Products */;
			projectDirPath = "";
			projectRoot = "";
			targets = (
				BF2674DF2227B6A3003D370F /* PazleBox */,
			);
		};
/* End PBXProject section */

/* Begin PBXResourcesBuildPhase section */
		BF2674DE2227B6A3003D370F /* Resources */ = {
			isa = PBXResourcesBuildPhase;
			buildActionMask = 2147483647;
			files = (
				BF7CD9362240B89800F8302B /* 22p5Blue.png in Resources */,
				BFFA2A912234CF010023BB71 /* NullTile.png in Resources */,
				BF640BFE2244F8FD00333782 /* 32p3Green.png in Resources */,
				BF640BF72244F8FD00333782 /* 32p6Green.png in Resources */,
				BF7CD9612240BBD500F8302B /* 23p3Blue.png in Resources */,
				BF7CD93E2240B89800F8302B /* 22p5Red.png in Resources */,
				BF7CD9232240B60400F8302B /* 21p1Green.png in Resources */,
				BF7CD95A2240BBD500F8302B /* 23p2Green.png in Resources */,
				BF7CD91C2240B56300F8302B /* 12p1Red.png in Resources */,
				BF7CD9642240BBD500F8302B /* 23p1Green.png in Resources */,
				BF7CD9392240B89800F8302B /* 22p2Green.png in Resources */,
				BF7CD9572240BBD500F8302B /* 23p1Blue.png in Resources */,
				BF7CD93A2240B89800F8302B /* 22p4Green.png in Resources */,
				BF7CD93F2240B89800F8302B /* 22p1Blue.png in Resources */,
				BF7CD9412240B89800F8302B /* 22p2Blue.png in Resources */,
				BF519C74223F86B20087A4AC /* P322 in Resources */,
				BF7CD9422240B89800F8302B /* 22p5Green.png in Resources */,
				BFC6C5D9224283BD007C8FA1 /* Test.sks in Resources */,
				BF640BFC2244F8FD00333782 /* 32p6Red.png in Resources */,
				BF2674EF2227B6A3003D370F /* Main.storyboard in Resources */,
				BF7CD9662240BBD500F8302B /* 23p6Blue.png in Resources */,
				BF0FD352224364A900E8F387 /* Star.png in Resources */,
				BF2674E62227B6A3003D370F /* GameScene.sks in Resources */,
				BF2674F12227B6A4003D370F /* Assets.xcassets in Resources */,
				BF2674F42227B6A4003D370F /* LaunchScreen.storyboard in Resources */,
				BF7CD95B2240BBD500F8302B /* 23p2Blue.png in Resources */,
				BF7CD9222240B60400F8302B /* 21p1Red.png in Resources */,
				BF640BF62244F8FD00333782 /* 32p3Red.png in Resources */,
				BF640BFD2244F8FD00333782 /* 32p1Red.png in Resources */,
				BF7CD9402240B89800F8302B /* 22p3Green.png in Resources */,
				BFC6C5D622428287007C8FA1 /* Assets.xcassets in Resources */,
				BF7CD93C2240B89800F8302B /* 22p3Red.png in Resources */,
				BF7CD9652240BBD500F8302B /* 23p5Blue.png in Resources */,
				BF640C002244F8FD00333782 /* 32p5Green.png in Resources */,
				BF519C78223F8C4C0087A4AC /* P232 in Resources */,
				BF640BFB2244F8FD00333782 /* 32p5Blue.png in Resources */,
				BF2674E82227B6A3003D370F /* Actions.sks in Resources */,
				BFFA2A7F223372520023BB71 /* GoogleService-Info.plist in Resources */,
				BF519C6D223F84510087A4AC /* P321 in Resources */,
				BF7CD95C2240BBD500F8302B /* 23p3Red.png in Resources */,
				BF519C73223F86B20087A4AC /* P121 in Resources */,
				BF7CD9602240BBD500F8302B /* 23p5Green.png in Resources */,
				BF640C062244F8FD00333782 /* 32p2Blue.png in Resources */,
				BF7CD93B2240B89800F8302B /* 22p2Red.png in Resources */,
				BF640C042244F8FD00333782 /* 32p4Green.png in Resources */,
				BF7CD9562240BBD500F8302B /* 23p6Red.png in Resources */,
				BF7CD9622240BBD500F8302B /* 23p1Red.png in Resources */,
				BF640BF82244F8FD00333782 /* 32p2Red.png in Resources */,
				BF7CD9582240BBD500F8302B /* 23p4Green.png in Resources */,
				BF519C72223F86B20087A4AC /* P211 in Resources */,
				BF7CD9382240B89800F8302B /* 22p1Green.png in Resources */,
				BF640C032244F8FD00333782 /* 32p1Blue.png in Resources */,
				BFC6C5D522428287007C8FA1 /* GameSetParticle.sks in Resources */,
				BF7CD95E2240BBD500F8302B /* 23p4Red.png in Resources */,
				BF640C022244F8FD00333782 /* 32p4Red.png in Resources */,
				BF640BF52244F8FD00333782 /* 32p1Green.png in Resources */,
				BF7CD91E2240B56300F8302B /* 12p1Blue.png in Resources */,
				BF7CD9592240BBD500F8302B /* 23p4Blue.png in Resources */,
				BF7CD93D2240B89800F8302B /* 22p3Blue.png in Resources */,
				BF640BFF2244F8FD00333782 /* 32p4Blue.png in Resources */,
				BF640BFA2244F8FD00333782 /* 32p5Red.png in Resources */,
				BF7CD9372240B89800F8302B /* 22p4Red.png in Resources */,
				BF7CD95D2240BBD500F8302B /* 23p2Red.png in Resources */,
				BFFA2A992234D9D30023BB71 /* BaseTile.png in Resources */,
				BF640C052244F8FD00333782 /* 32p3Blue.png in Resources */,
				BF7CD95F2240BBD500F8302B /* 23p3Green.png in Resources */,
				BF0FD350224363A800E8F387 /* PutPuzzleParticle.sks in Resources */,
				BF7CD91D2240B56300F8302B /* 12p1Green.png in Resources */,
				BF640BF92244F8FD00333782 /* 32p2Green.png in Resources */,
				BF7CD9552240BBD500F8302B /* 23p5Red.png in Resources */,
				BF519C79223F8C4C0087A4AC /* P233 in Resources */,
				BF640C012244F8FD00333782 /* 32p6Blue.png in Resources */,
				BF7CD9242240B60400F8302B /* 21p1Blue.png in Resources */,
				BF7CD9632240BBD500F8302B /* 23p6Green.png in Resources */,
				BF7CD9342240B89800F8302B /* 22p1Red.png in Resources */,
				BF7CD9352240B89800F8302B /* 22p4Blue.png in Resources */,
				BF519C75223F86B20087A4AC /* P231.png in Resources */,
			);
			runOnlyForDeploymentPostprocessing = 0;
		};
/* End PBXResourcesBuildPhase section */

/* Begin PBXShellScriptBuildPhase section */
		2D9A00851CC9ABE71AEF1218 /* [CP] Check Pods Manifest.lock */ = {
			isa = PBXShellScriptBuildPhase;
			buildActionMask = 2147483647;
			files = (
			);
			inputFileListPaths = (
			);
			inputPaths = (
				"${PODS_PODFILE_DIR_PATH}/Podfile.lock",
				"${PODS_ROOT}/Manifest.lock",
			);
			name = "[CP] Check Pods Manifest.lock";
			outputFileListPaths = (
			);
			outputPaths = (
				"$(DERIVED_FILE_DIR)/Pods-PazleBox-checkManifestLockResult.txt",
			);
			runOnlyForDeploymentPostprocessing = 0;
			shellPath = /bin/sh;
			shellScript = "diff \"${PODS_PODFILE_DIR_PATH}/Podfile.lock\" \"${PODS_ROOT}/Manifest.lock\" > /dev/null\nif [ $? != 0 ] ; then\n    # print error to STDERR\n    echo \"error: The sandbox is not in sync with the Podfile.lock. Run 'pod install' or update your CocoaPods installation.\" >&2\n    exit 1\nfi\n# This output is used by Xcode 'outputs' to avoid re-running this script phase.\necho \"SUCCESS\" > \"${SCRIPT_OUTPUT_FILE_0}\"\n";
			showEnvVarsInLog = 0;
		};
		7485616176AF9BD2A7C327AD /* [CP] Embed Pods Frameworks */ = {
			isa = PBXShellScriptBuildPhase;
			buildActionMask = 2147483647;
			files = (
			);
			inputFileListPaths = (
			);
			inputPaths = (
				"${PODS_ROOT}/Target Support Files/Pods-PazleBox/Pods-PazleBox-frameworks.sh",
				"${BUILT_PRODUCTS_DIR}/GoogleUtilities/GoogleUtilities.framework",
				"${BUILT_PRODUCTS_DIR}/SAConfettiView/SAConfettiView.framework",
				"${BUILT_PRODUCTS_DIR}/SpriteKitEasingSwift/SpriteKitEasingSwift.framework",
				"${BUILT_PRODUCTS_DIR}/TapticEngine/TapticEngine.framework",
				"${BUILT_PRODUCTS_DIR}/nanopb/nanopb.framework",
			);
			name = "[CP] Embed Pods Frameworks";
			outputFileListPaths = (
			);
			outputPaths = (
				"${TARGET_BUILD_DIR}/${FRAMEWORKS_FOLDER_PATH}/GoogleUtilities.framework",
				"${TARGET_BUILD_DIR}/${FRAMEWORKS_FOLDER_PATH}/SAConfettiView.framework",
				"${TARGET_BUILD_DIR}/${FRAMEWORKS_FOLDER_PATH}/SpriteKitEasingSwift.framework",
				"${TARGET_BUILD_DIR}/${FRAMEWORKS_FOLDER_PATH}/TapticEngine.framework",
				"${TARGET_BUILD_DIR}/${FRAMEWORKS_FOLDER_PATH}/nanopb.framework",
			);
			runOnlyForDeploymentPostprocessing = 0;
			shellPath = /bin/sh;
			shellScript = "\"${PODS_ROOT}/Target Support Files/Pods-PazleBox/Pods-PazleBox-frameworks.sh\"\n";
			showEnvVarsInLog = 0;
		};
		BF60EE002227B9C0006BF4B7 /* ShellScript */ = {
			isa = PBXShellScriptBuildPhase;
			buildActionMask = 2147483647;
			files = (
			);
			inputFileListPaths = (
			);
			inputPaths = (
			);
			outputFileListPaths = (
			);
			outputPaths = (
			);
			runOnlyForDeploymentPostprocessing = 0;
			shellPath = /bin/sh;
			shellScript = "# Type a script or drag a script file from your workspace to insert its path.\nif which \"${PODS_ROOT}/SwiftLint/swiftlint\" >/dev/null; then\n${PODS_ROOT}/SwiftLint/swiftlint\nelse\necho \"warning: SwiftLint not installed, download from https://github.com/realm/SwiftLint\"\nfi\n";
		};
/* End PBXShellScriptBuildPhase section */

/* Begin PBXSourcesBuildPhase section */
		BF2674DC2227B6A3003D370F /* Sources */ = {
			isa = PBXSourcesBuildPhase;
			buildActionMask = 2147483647;
			files = (
				BF46109022352423006F3DF1 /* Puzzle.swift in Sources */,
				BF1FF2B2223120650047ED23 /* AllStageInfomation.swift in Sources */,
				BF332F762248C043009B3042 /* EasyButton.swift in Sources */,
				BF640C0B2245103500333782 /* E2.swift in Sources */,
				BF1FF2B6223122C80047ED23 /* EasyCreate.swift in Sources */,
				BF519C69223CCBDE0087A4AC /* GetTilePOSITION.swift in Sources */,
				BF1FF2AF22311FD40047ED23 /* StageContents.swift in Sources */,
				BF332F722248AEAF009B3042 /* StageLevel.swift in Sources */,
				BFFA2A8E2234CC5F0023BB71 /* Tile.swift in Sources */,
				BF1FF2B4223121BF0047ED23 /* Easy.swift in Sources */,
				BF0FD356224371CE00E8F387 /* PutParticle.swift in Sources */,
				BFFA2A8A223384420023BB71 /* Hard.swift in Sources */,
				BF0FD35422436DF200E8F387 /* ExUIColor.swift in Sources */,
				BF640C0D224513DF00333782 /* HomeViewController.swift in Sources */,
				BF2674EA2227B6A3003D370F /* GameScene.swift in Sources */,
				BF2674EC2227B6A3003D370F /* GameViewController.swift in Sources */,
				BFFA2A8C223384D80023BB71 /* HardCreate.swift in Sources */,
				BF519C7B223FA8D60087A4AC /* ExTextureName.swift in Sources */,
				BF332F742248B1FE009B3042 /* EasySellectStage.swift in Sources */,
				BFFA2A86223383B60023BB71 /* Normal.swift in Sources */,
				BF1FF2AD22311CE60047ED23 /* Stage.swift in Sources */,
				BF2674E42227B6A3003D370F /* AppDelegate.swift in Sources */,
				BF519C7D223FAA470087A4AC /* GetPuzzleArry.swift in Sources */,
				BFFA2A81223380720023BB71 /* EasyGet.swift in Sources */,
				BF640C092245100C00333782 /* E1.swift in Sources */,
				BF519C6B223F58920087A4AC /* ExNotification.swift in Sources */,
				BFFA2A88223384120023BB71 /* NormalCreate.swift in Sources */,
			);
			runOnlyForDeploymentPostprocessing = 0;
		};
/* End PBXSourcesBuildPhase section */

/* Begin PBXVariantGroup section */
		BF2674ED2227B6A3003D370F /* Main.storyboard */ = {
			isa = PBXVariantGroup;
			children = (
				BF2674EE2227B6A3003D370F /* Base */,
			);
			name = Main.storyboard;
			sourceTree = "<group>";
		};
		BF2674F22227B6A4003D370F /* LaunchScreen.storyboard */ = {
			isa = PBXVariantGroup;
			children = (
				BF2674F32227B6A4003D370F /* Base */,
			);
			name = LaunchScreen.storyboard;
			sourceTree = "<group>";
		};
/* End PBXVariantGroup section */

/* Begin XCBuildConfiguration section */
		BF2674F62227B6A4003D370F /* Debug */ = {
			isa = XCBuildConfiguration;
			buildSettings = {
				ALWAYS_SEARCH_USER_PATHS = NO;
				CLANG_ANALYZER_NONNULL = YES;
				CLANG_ANALYZER_NUMBER_OBJECT_CONVERSION = YES_AGGRESSIVE;
				CLANG_CXX_LANGUAGE_STANDARD = "gnu++14";
				CLANG_CXX_LIBRARY = "libc++";
				CLANG_ENABLE_MODULES = YES;
				CLANG_ENABLE_OBJC_ARC = YES;
				CLANG_ENABLE_OBJC_WEAK = YES;
				CLANG_WARN_BLOCK_CAPTURE_AUTORELEASING = YES;
				CLANG_WARN_BOOL_CONVERSION = YES;
				CLANG_WARN_COMMA = YES;
				CLANG_WARN_CONSTANT_CONVERSION = YES;
				CLANG_WARN_DEPRECATED_OBJC_IMPLEMENTATIONS = YES;
				CLANG_WARN_DIRECT_OBJC_ISA_USAGE = YES_ERROR;
				CLANG_WARN_DOCUMENTATION_COMMENTS = YES;
				CLANG_WARN_EMPTY_BODY = YES;
				CLANG_WARN_ENUM_CONVERSION = YES;
				CLANG_WARN_INFINITE_RECURSION = YES;
				CLANG_WARN_INT_CONVERSION = YES;
				CLANG_WARN_NON_LITERAL_NULL_CONVERSION = YES;
				CLANG_WARN_OBJC_IMPLICIT_RETAIN_SELF = YES;
				CLANG_WARN_OBJC_LITERAL_CONVERSION = YES;
				CLANG_WARN_OBJC_ROOT_CLASS = YES_ERROR;
				CLANG_WARN_RANGE_LOOP_ANALYSIS = YES;
				CLANG_WARN_STRICT_PROTOTYPES = YES;
				CLANG_WARN_SUSPICIOUS_MOVE = YES;
				CLANG_WARN_UNGUARDED_AVAILABILITY = YES_AGGRESSIVE;
				CLANG_WARN_UNREACHABLE_CODE = YES;
				CLANG_WARN__DUPLICATE_METHOD_MATCH = YES;
				CODE_SIGN_IDENTITY = "iPhone Developer";
				COPY_PHASE_STRIP = NO;
				DEBUG_INFORMATION_FORMAT = dwarf;
				ENABLE_STRICT_OBJC_MSGSEND = YES;
				ENABLE_TESTABILITY = YES;
				GCC_C_LANGUAGE_STANDARD = gnu11;
				GCC_DYNAMIC_NO_PIC = NO;
				GCC_NO_COMMON_BLOCKS = YES;
				GCC_OPTIMIZATION_LEVEL = 0;
				GCC_PREPROCESSOR_DEFINITIONS = (
					"DEBUG=1",
					"$(inherited)",
				);
				GCC_WARN_64_TO_32_BIT_CONVERSION = YES;
				GCC_WARN_ABOUT_RETURN_TYPE = YES_ERROR;
				GCC_WARN_UNDECLARED_SELECTOR = YES;
				GCC_WARN_UNINITIALIZED_AUTOS = YES_AGGRESSIVE;
				GCC_WARN_UNUSED_FUNCTION = YES;
				GCC_WARN_UNUSED_VARIABLE = YES;
				IPHONEOS_DEPLOYMENT_TARGET = 12.1;
				MTL_ENABLE_DEBUG_INFO = INCLUDE_SOURCE;
				MTL_FAST_MATH = YES;
				ONLY_ACTIVE_ARCH = YES;
				SDKROOT = iphoneos;
				SWIFT_ACTIVE_COMPILATION_CONDITIONS = DEBUG;
				SWIFT_OPTIMIZATION_LEVEL = "-Onone";
			};
			name = Debug;
		};
		BF2674F72227B6A4003D370F /* Release */ = {
			isa = XCBuildConfiguration;
			buildSettings = {
				ALWAYS_SEARCH_USER_PATHS = NO;
				CLANG_ANALYZER_NONNULL = YES;
				CLANG_ANALYZER_NUMBER_OBJECT_CONVERSION = YES_AGGRESSIVE;
				CLANG_CXX_LANGUAGE_STANDARD = "gnu++14";
				CLANG_CXX_LIBRARY = "libc++";
				CLANG_ENABLE_MODULES = YES;
				CLANG_ENABLE_OBJC_ARC = YES;
				CLANG_ENABLE_OBJC_WEAK = YES;
				CLANG_WARN_BLOCK_CAPTURE_AUTORELEASING = YES;
				CLANG_WARN_BOOL_CONVERSION = YES;
				CLANG_WARN_COMMA = YES;
				CLANG_WARN_CONSTANT_CONVERSION = YES;
				CLANG_WARN_DEPRECATED_OBJC_IMPLEMENTATIONS = YES;
				CLANG_WARN_DIRECT_OBJC_ISA_USAGE = YES_ERROR;
				CLANG_WARN_DOCUMENTATION_COMMENTS = YES;
				CLANG_WARN_EMPTY_BODY = YES;
				CLANG_WARN_ENUM_CONVERSION = YES;
				CLANG_WARN_INFINITE_RECURSION = YES;
				CLANG_WARN_INT_CONVERSION = YES;
				CLANG_WARN_NON_LITERAL_NULL_CONVERSION = YES;
				CLANG_WARN_OBJC_IMPLICIT_RETAIN_SELF = YES;
				CLANG_WARN_OBJC_LITERAL_CONVERSION = YES;
				CLANG_WARN_OBJC_ROOT_CLASS = YES_ERROR;
				CLANG_WARN_RANGE_LOOP_ANALYSIS = YES;
				CLANG_WARN_STRICT_PROTOTYPES = YES;
				CLANG_WARN_SUSPICIOUS_MOVE = YES;
				CLANG_WARN_UNGUARDED_AVAILABILITY = YES_AGGRESSIVE;
				CLANG_WARN_UNREACHABLE_CODE = YES;
				CLANG_WARN__DUPLICATE_METHOD_MATCH = YES;
				CODE_SIGN_IDENTITY = "iPhone Developer";
				COPY_PHASE_STRIP = NO;
				DEBUG_INFORMATION_FORMAT = "dwarf-with-dsym";
				ENABLE_NS_ASSERTIONS = NO;
				ENABLE_STRICT_OBJC_MSGSEND = YES;
				GCC_C_LANGUAGE_STANDARD = gnu11;
				GCC_NO_COMMON_BLOCKS = YES;
				GCC_WARN_64_TO_32_BIT_CONVERSION = YES;
				GCC_WARN_ABOUT_RETURN_TYPE = YES_ERROR;
				GCC_WARN_UNDECLARED_SELECTOR = YES;
				GCC_WARN_UNINITIALIZED_AUTOS = YES_AGGRESSIVE;
				GCC_WARN_UNUSED_FUNCTION = YES;
				GCC_WARN_UNUSED_VARIABLE = YES;
				IPHONEOS_DEPLOYMENT_TARGET = 12.1;
				MTL_ENABLE_DEBUG_INFO = NO;
				MTL_FAST_MATH = YES;
				SDKROOT = iphoneos;
				SWIFT_COMPILATION_MODE = wholemodule;
				SWIFT_OPTIMIZATION_LEVEL = "-O";
				VALIDATE_PRODUCT = YES;
			};
			name = Release;
		};
		BF2674F92227B6A4003D370F /* Debug */ = {
			isa = XCBuildConfiguration;
			baseConfigurationReference = 23639FCB16B4DCCF8E13A1D3 /* Pods-PazleBox.debug.xcconfig */;
			buildSettings = {
				ASSETCATALOG_COMPILER_APPICON_NAME = AppIcon;
				CODE_SIGN_STYLE = Automatic;
				DEVELOPMENT_TEAM = 9R4W53MKG7;
				INFOPLIST_FILE = PazleBox/Info.plist;
				IPHONEOS_DEPLOYMENT_TARGET = 12.1;
				LD_RUNPATH_SEARCH_PATHS = (
					"$(inherited)",
					"@executable_path/Frameworks",
				);
				PRODUCT_BUNDLE_IDENTIFIER = myfirst.PazleBox;
				PRODUCT_NAME = "$(TARGET_NAME)";
				SWIFT_VERSION = 4.2;
				TARGETED_DEVICE_FAMILY = "1,2";
			};
			name = Debug;
		};
		BF2674FA2227B6A4003D370F /* Release */ = {
			isa = XCBuildConfiguration;
			baseConfigurationReference = AC63FB0A53E7131595C10607 /* Pods-PazleBox.release.xcconfig */;
			buildSettings = {
				ASSETCATALOG_COMPILER_APPICON_NAME = AppIcon;
				CODE_SIGN_STYLE = Automatic;
				DEVELOPMENT_TEAM = 9R4W53MKG7;
				INFOPLIST_FILE = PazleBox/Info.plist;
				IPHONEOS_DEPLOYMENT_TARGET = 12.1;
				LD_RUNPATH_SEARCH_PATHS = (
					"$(inherited)",
					"@executable_path/Frameworks",
				);
				PRODUCT_BUNDLE_IDENTIFIER = myfirst.PazleBox;
				PRODUCT_NAME = "$(TARGET_NAME)";
				SWIFT_VERSION = 4.2;
				TARGETED_DEVICE_FAMILY = "1,2";
			};
			name = Release;
		};
/* End XCBuildConfiguration section */

/* Begin XCConfigurationList section */
		BF2674DB2227B6A3003D370F /* Build configuration list for PBXProject "PazleBox" */ = {
			isa = XCConfigurationList;
			buildConfigurations = (
				BF2674F62227B6A4003D370F /* Debug */,
				BF2674F72227B6A4003D370F /* Release */,
			);
			defaultConfigurationIsVisible = 0;
			defaultConfigurationName = Release;
		};
		BF2674F82227B6A4003D370F /* Build configuration list for PBXNativeTarget "PazleBox" */ = {
			isa = XCConfigurationList;
			buildConfigurations = (
				BF2674F92227B6A4003D370F /* Debug */,
				BF2674FA2227B6A4003D370F /* Release */,
			);
			defaultConfigurationIsVisible = 0;
			defaultConfigurationName = Release;
		};
/* End XCConfigurationList section */
	};
	rootObject = BF2674D82227B6A3003D370F /* Project object */;
}
